
Microsoft Visual Studio Solution File, Format Version 12.00
# Visual Studio Version 17
VisualStudioVersion = 17.5.33627.172
MinimumVisualStudioVersion = 10.0.40219.1
Project("{9A19103F-16F7-4668-BE54-9A1E7A4F7556}") = "ToDoList_WEB_Entity", "ToDoList_WEB_Entity\ToDoList_WEB_Entity.csproj", "{C1EBC4DE-33CD-496E-82F9-CF431C2AE16E}"
EndProject
Project("{9A19103F-16F7-4668-BE54-9A1E7A4F7556}") = "ToDoList_WEB_Services", "ToDoList_WEB_Services\ToDoList_WEB_Services.csproj", "{B3B41788-9052-490E-9F62-7DAD29F755A9}"
EndProject
Project("{9A19103F-16F7-4668-BE54-9A1E7A4F7556}") = "ToDoList_WEB_Repositories", "ToDoList_WEB_Repositories\ToDoList_WEB_Repositories.csproj", "{EFDE913B-2177-4FEC-9522-6683F836C636}"
EndProject
Project("{9A19103F-16F7-4668-BE54-9A1E7A4F7556}") = "ToDoList_WEB_ServicesTests", "ToDoList_WEB_ServicesTests\ToDoList_WEB_ServicesTests.csproj", "{989E02A8-4D97-4F41-8785-344DADD9E750}"
EndProject
Project("{9A19103F-16F7-4668-BE54-9A1E7A4F7556}") = "ToDoList_WEB_WEBAPI", "ToDoList_WEB_WEBAPI\ToDoList_WEB_WEBAPI.csproj", "{33989C1A-0A61-4645-A2CB-F465E2EBE165}"
EndProject
Project("{9A19103F-16F7-4668-BE54-9A1E7A4F7556}") = "ToDoList_WEB_Domain", "ToDoList_WEB_Domain\ToDoList_WEB_Domain.csproj", "{0E3E6C6B-15AC-4E45-BC52-6FBDD674085F}"
EndProject
Global
	GlobalSection(SolutionConfigurationPlatforms) = preSolution
		Debug|Any CPU = Debug|Any CPU
		Release|Any CPU = Release|Any CPU
	EndGlobalSection
	GlobalSection(ProjectConfigurationPlatforms) = postSolution
		{C1EBC4DE-33CD-496E-82F9-CF431C2AE16E}.Debug|Any CPU.ActiveCfg = Debug|Any CPU
		{C1EBC4DE-33CD-496E-82F9-CF431C2AE16E}.Debug|Any CPU.Build.0 = Debug|Any CPU
		{C1EBC4DE-33CD-496E-82F9-CF431C2AE16E}.Release|Any CPU.ActiveCfg = Release|Any CPU
		{C1EBC4DE-33CD-496E-82F9-CF431C2AE16E}.Release|Any CPU.Build.0 = Release|Any CPU
		{B3B41788-9052-490E-9F62-7DAD29F755A9}.Debug|Any CPU.ActiveCfg = Debug|Any CPU
		{B3B41788-9052-490E-9F62-7DAD29F755A9}.Debug|Any CPU.Build.0 = Debug|Any CPU
		{B3B41788-9052-490E-9F62-7DAD29F755A9}.Release|Any CPU.ActiveCfg = Release|Any CPU
		{B3B41788-9052-490E-9F62-7DAD29F755A9}.Release|Any CPU.Build.0 = Release|Any CPU
		{EFDE913B-2177-4FEC-9522-6683F836C636}.Debug|Any CPU.ActiveCfg = Debug|Any CPU
		{EFDE913B-2177-4FEC-9522-6683F836C636}.Debug|Any CPU.Build.0 = Debug|Any CPU
		{EFDE913B-2177-4FEC-9522-6683F836C636}.Release|Any CPU.ActiveCfg = Release|Any CPU
		{EFDE913B-2177-4FEC-9522-6683F836C636}.Release|Any CPU.Build.0 = Release|Any CPU
		{989E02A8-4D97-4F41-8785-344DADD9E750}.Debug|Any CPU.ActiveCfg = Debug|Any CPU
		{989E02A8-4D97-4F41-8785-344DADD9E750}.Debug|Any CPU.Build.0 = Debug|Any CPU
		{989E02A8-4D97-4F41-8785-344DADD9E750}.Release|Any CPU.ActiveCfg = Release|Any CPU
		{989E02A8-4D97-4F41-8785-344DADD9E750}.Release|Any CPU.Build.0 = Release|Any CPU
		{33989C1A-0A61-4645-A2CB-F465E2EBE165}.Debug|Any CPU.ActiveCfg = Debug|Any CPU
		{33989C1A-0A61-4645-A2CB-F465E2EBE165}.Debug|Any CPU.Build.0 = Debug|Any CPU
		{33989C1A-0A61-4645-A2CB-F465E2EBE165}.Release|Any CPU.ActiveCfg = Release|Any CPU
		{33989C1A-0A61-4645-A2CB-F465E2EBE165}.Release|Any CPU.Build.0 = Release|Any CPU
		{0E3E6C6B-15AC-4E45-BC52-6FBDD674085F}.Debug|Any CPU.ActiveCfg = Debug|Any CPU
		{0E3E6C6B-15AC-4E45-BC52-6FBDD674085F}.Debug|Any CPU.Build.0 = Debug|Any CPU
		{0E3E6C6B-15AC-4E45-BC52-6FBDD674085F}.Release|Any CPU.ActiveCfg = Release|Any CPU
		{0E3E6C6B-15AC-4E45-BC52-6FBDD674085F}.Release|Any CPU.Build.0 = Release|Any CPU
	EndGlobalSection
	GlobalSection(SolutionProperties) = preSolution
		HideSolutionNode = FALSE
	EndGlobalSection
	GlobalSection(ExtensibilityGlobals) = postSolution
		SolutionGuid = {B660479E-E3EB-4871-8960-102CBEBD26DB}
	EndGlobalSection
EndGlobal
